{
  "name": "lab_23_04",
  "version": "1.0.0",
  "lockfileVersion": 3,
  "requires": true,
  "packages": {
    "": {
      "name": "lab_23_04",
      "version": "1.0.0",
      "license": "ISC",
      "dependencies": {
        "custom_module": "file:custom_module"
      }
    },
    "custom_module": {
      "version": "1.0.0",
      "license": "ISC"
    },
    "node_modules/custom_module": {
      "resolved": "custom_module",
      "link": true
    }
  }
}
